
Microsoft Visual Studio Solution File, Format Version 12.00
# Visual Studio Version 17
VisualStudioVersion = 17.3.32929.385
MinimumVisualStudioVersion = 10.0.40219.1
Project("{FAE04EC0-301F-11D3-BF4B-00C04F79EFBC}") = "WebApplication1", "WebApplication1\WebApplication1.csproj", "{A5AD37A7-E9CD-45FD-BBB1-AFCB381BE596}"
EndProject
Global
	GlobalSection(SolutionConfigurationPlatforms) = preSolution
		Debug|Any CPU = Debug|Any CPU
		Release|Any CPU = Release|Any CPU
	EndGlobalSection
	GlobalSection(ProjectConfigurationPlatforms) = postSolution
		{A5AD37A7-E9CD-45FD-BBB1-AFCB381BE596}.Debug|Any CPU.ActiveCfg = Debug|Any CPU
		{A5AD37A7-E9CD-45FD-BBB1-AFCB381BE596}.Debug|Any CPU.Build.0 = Debug|Any CPU
		{A5AD37A7-E9CD-45FD-BBB1-AFCB381BE596}.Release|Any CPU.ActiveCfg = Release|Any CPU
		{A5AD37A7-E9CD-45FD-BBB1-AFCB381BE596}.Release|Any CPU.Build.0 = Release|Any CPU
	EndGlobalSection
	GlobalSection(SolutionProperties) = preSolution
		HideSolutionNode = FALSE
	EndGlobalSection
	GlobalSection(ExtensibilityGlobals) = postSolution
		SolutionGuid = {05F831DA-814E-4FBD-990B-D2413158457F}
	EndGlobalSection
EndGlobal
